
Microsoft Visual Studio Solution File, Format Version 12.00
# Visual Studio Version 16
VisualStudioVersion = 16.0.29102.190
MinimumVisualStudioVersion = 10.0.40219.1
Project("{FAE04EC0-301F-11D3-BF4B-00C04F79EFBC}") = "TestFunc", "TestFunc.csproj", "{ECE05322-4F4D-44FD-815F-A6D9571F8F5C}"
EndProject
Global
	GlobalSection(SolutionConfigurationPlatforms) = preSolution
		Debug|Any CPU = Debug|Any CPU
		Release|Any CPU = Release|Any CPU
	EndGlobalSection
	GlobalSection(ProjectConfigurationPlatforms) = postSolution
		{ECE05322-4F4D-44FD-815F-A6D9571F8F5C}.Debug|Any CPU.ActiveCfg = Debug|Any CPU
		{ECE05322-4F4D-44FD-815F-A6D9571F8F5C}.Debug|Any CPU.Build.0 = Debug|Any CPU
		{ECE05322-4F4D-44FD-815F-A6D9571F8F5C}.Release|Any CPU.ActiveCfg = Release|Any CPU
		{ECE05322-4F4D-44FD-815F-A6D9571F8F5C}.Release|Any CPU.Build.0 = Release|Any CPU
	EndGlobalSection
	GlobalSection(SolutionProperties) = preSolution
		HideSolutionNode = FALSE
	EndGlobalSection
	GlobalSection(ExtensibilityGlobals) = postSolution
		SolutionGuid = {65EB8483-10AD-4047-A2F1-5625AC6CA954}
	EndGlobalSection
EndGlobal
